
Microsoft Visual Studio Solution File, Format Version 12.00
# Visual Studio Version 17
VisualStudioVersion = 17.11.35312.102
MinimumVisualStudioVersion = 10.0.40219.1
Project("{FAE04EC0-301F-11D3-BF4B-00C04F79EFBC}") = "Laba27", "Laba27\Laba27.csproj", "{0FC09E68-C63F-4C9D-A71D-B9B20E698C33}"
EndProject
Global
	GlobalSection(SolutionConfigurationPlatforms) = preSolution
		Debug|Any CPU = Debug|Any CPU
		Release|Any CPU = Release|Any CPU
	EndGlobalSection
	GlobalSection(ProjectConfigurationPlatforms) = postSolution
		{0FC09E68-C63F-4C9D-A71D-B9B20E698C33}.Debug|Any CPU.ActiveCfg = Debug|Any CPU
		{0FC09E68-C63F-4C9D-A71D-B9B20E698C33}.Debug|Any CPU.Build.0 = Debug|Any CPU
		{0FC09E68-C63F-4C9D-A71D-B9B20E698C33}.Release|Any CPU.ActiveCfg = Release|Any CPU
		{0FC09E68-C63F-4C9D-A71D-B9B20E698C33}.Release|Any CPU.Build.0 = Release|Any CPU
	EndGlobalSection
	GlobalSection(SolutionProperties) = preSolution
		HideSolutionNode = FALSE
	EndGlobalSection
	GlobalSection(ExtensibilityGlobals) = postSolution
		SolutionGuid = {85F72478-37E1-4391-A969-7F6EB47B0AF4}
	EndGlobalSection
EndGlobal
